
Microsoft Visual Studio Solution File, Format Version 12.00
# Visual Studio Version 17
VisualStudioVersion = 17.8.34330.188
MinimumVisualStudioVersion = 10.0.40219.1
Project("{FAE04EC0-301F-11D3-BF4B-00C04F79EFBC}") = "vita-khoroshko-kt-44-21", "vita-khoroshko-kt-44-21\vita-khoroshko-kt-44-21.csproj", "{6C0663E1-315B-42AE-87F8-849CDA137020}"
EndProject
Global
	GlobalSection(SolutionConfigurationPlatforms) = preSolution
		Debug|Any CPU = Debug|Any CPU
		Release|Any CPU = Release|Any CPU
	EndGlobalSection
	GlobalSection(ProjectConfigurationPlatforms) = postSolution
		{6C0663E1-315B-42AE-87F8-849CDA137020}.Debug|Any CPU.ActiveCfg = Debug|Any CPU
		{6C0663E1-315B-42AE-87F8-849CDA137020}.Debug|Any CPU.Build.0 = Debug|Any CPU
		{6C0663E1-315B-42AE-87F8-849CDA137020}.Release|Any CPU.ActiveCfg = Release|Any CPU
		{6C0663E1-315B-42AE-87F8-849CDA137020}.Release|Any CPU.Build.0 = Release|Any CPU
	EndGlobalSection
	GlobalSection(SolutionProperties) = preSolution
		HideSolutionNode = FALSE
	EndGlobalSection
	GlobalSection(ExtensibilityGlobals) = postSolution
		SolutionGuid = {E7FDF619-0476-4415-8E37-CA9AE3E19691}
	EndGlobalSection
EndGlobal
